
Microsoft Visual Studio Solution File, Format Version 12.00
# Visual Studio Version 17
VisualStudioVersion = 17.0.31903.59
MinimumVisualStudioVersion = 10.0.40219.1
Project("{FAE04EC0-301F-11D3-BF4B-00C04F79EFBC}") = "mininal-api", "Api\mininal-api.csproj", "{F840FF63-6968-4E22-8153-335F52A60BE1}"
EndProject
Project("{FAE04EC0-301F-11D3-BF4B-00C04F79EFBC}") = "Test", "Test\Test.csproj", "{41D842CC-2CB3-4B25-88BF-5414FBD373DE}"
EndProject
Global
	GlobalSection(SolutionConfigurationPlatforms) = preSolution
		Debug|Any CPU = Debug|Any CPU
		Release|Any CPU = Release|Any CPU
	EndGlobalSection
	GlobalSection(SolutionProperties) = preSolution
		HideSolutionNode = FALSE
	EndGlobalSection
	GlobalSection(ProjectConfigurationPlatforms) = postSolution
		{F840FF63-6968-4E22-8153-335F52A60BE1}.Debug|Any CPU.ActiveCfg = Debug|Any CPU
		{F840FF63-6968-4E22-8153-335F52A60BE1}.Debug|Any CPU.Build.0 = Debug|Any CPU
		{F840FF63-6968-4E22-8153-335F52A60BE1}.Release|Any CPU.ActiveCfg = Release|Any CPU
		{F840FF63-6968-4E22-8153-335F52A60BE1}.Release|Any CPU.Build.0 = Release|Any CPU
		{41D842CC-2CB3-4B25-88BF-5414FBD373DE}.Debug|Any CPU.ActiveCfg = Debug|Any CPU
		{41D842CC-2CB3-4B25-88BF-5414FBD373DE}.Debug|Any CPU.Build.0 = Debug|Any CPU
		{41D842CC-2CB3-4B25-88BF-5414FBD373DE}.Release|Any CPU.ActiveCfg = Release|Any CPU
		{41D842CC-2CB3-4B25-88BF-5414FBD373DE}.Release|Any CPU.Build.0 = Release|Any CPU
	EndGlobalSection
EndGlobal
